
Microsoft Visual Studio Solution File, Format Version 12.00
# Visual Studio Version 16
VisualStudioVersion = 16.0.30717.126
MinimumVisualStudioVersion = 10.0.40219.1
Project("{9A19103F-16F7-4668-BE54-9A1E7A4F7556}") = "Buls_and_Cows", "Buls_and_Cows\Buls_and_Cows.csproj", "{FEAFAAC4-5DED-4040-8A17-93004BB45608}"
EndProject
Global
	GlobalSection(SolutionConfigurationPlatforms) = preSolution
		Debug|Any CPU = Debug|Any CPU
		Release|Any CPU = Release|Any CPU
	EndGlobalSection
	GlobalSection(ProjectConfigurationPlatforms) = postSolution
		{FEAFAAC4-5DED-4040-8A17-93004BB45608}.Debug|Any CPU.ActiveCfg = Debug|Any CPU
		{FEAFAAC4-5DED-4040-8A17-93004BB45608}.Debug|Any CPU.Build.0 = Debug|Any CPU
		{FEAFAAC4-5DED-4040-8A17-93004BB45608}.Release|Any CPU.ActiveCfg = Release|Any CPU
		{FEAFAAC4-5DED-4040-8A17-93004BB45608}.Release|Any CPU.Build.0 = Release|Any CPU
	EndGlobalSection
	GlobalSection(SolutionProperties) = preSolution
		HideSolutionNode = FALSE
	EndGlobalSection
	GlobalSection(ExtensibilityGlobals) = postSolution
		SolutionGuid = {B9AFAD4A-DF12-4A5E-B596-9B04AC4B68D0}
	EndGlobalSection
EndGlobal
